
Microsoft Visual Studio Solution File, Format Version 12.00
# Visual Studio Version 17
VisualStudioVersion = 17.8.34330.188
MinimumVisualStudioVersion = 10.0.40219.1
Project("{FAE04EC0-301F-11D3-BF4B-00C04F79EFBC}") = "MedAppointments", "MedAppointments.csproj", "{285A6341-94AA-421F-AD63-4B7484344971}"
EndProject
Global
	GlobalSection(SolutionConfigurationPlatforms) = preSolution
		Debug|Any CPU = Debug|Any CPU
		Release|Any CPU = Release|Any CPU
	EndGlobalSection
	GlobalSection(ProjectConfigurationPlatforms) = postSolution
		{285A6341-94AA-421F-AD63-4B7484344971}.Debug|Any CPU.ActiveCfg = Debug|Any CPU
		{285A6341-94AA-421F-AD63-4B7484344971}.Debug|Any CPU.Build.0 = Debug|Any CPU
		{285A6341-94AA-421F-AD63-4B7484344971}.Release|Any CPU.ActiveCfg = Release|Any CPU
		{285A6341-94AA-421F-AD63-4B7484344971}.Release|Any CPU.Build.0 = Release|Any CPU
	EndGlobalSection
	GlobalSection(SolutionProperties) = preSolution
		HideSolutionNode = FALSE
	EndGlobalSection
	GlobalSection(ExtensibilityGlobals) = postSolution
		SolutionGuid = {CAC54635-8845-41A9-BF87-5F2D3CD6A0D4}
	EndGlobalSection
EndGlobal
